
Microsoft Visual Studio Solution File, Format Version 12.00
# Visual Studio Version 16
VisualStudioVersion = 16.0.28803.156
MinimumVisualStudioVersion = 10.0.40219.1
Project("{FAE04EC0-301F-11D3-BF4B-00C04F79EFBC}") = "FuzzyXmlReader", "FuzzyXmlReader\FuzzyXmlReader.csproj", "{47233937-1A6E-4ECC-90FD-0D5D3DBB9FE6}"
EndProject
Global
	GlobalSection(SolutionConfigurationPlatforms) = preSolution
		Debug|Any CPU = Debug|Any CPU
		Release|Any CPU = Release|Any CPU
	EndGlobalSection
	GlobalSection(ProjectConfigurationPlatforms) = postSolution
		{47233937-1A6E-4ECC-90FD-0D5D3DBB9FE6}.Debug|Any CPU.ActiveCfg = Debug|Any CPU
		{47233937-1A6E-4ECC-90FD-0D5D3DBB9FE6}.Debug|Any CPU.Build.0 = Debug|Any CPU
		{47233937-1A6E-4ECC-90FD-0D5D3DBB9FE6}.Release|Any CPU.ActiveCfg = Release|Any CPU
		{47233937-1A6E-4ECC-90FD-0D5D3DBB9FE6}.Release|Any CPU.Build.0 = Release|Any CPU
	EndGlobalSection
	GlobalSection(SolutionProperties) = preSolution
		HideSolutionNode = FALSE
	EndGlobalSection
	GlobalSection(ExtensibilityGlobals) = postSolution
		SolutionGuid = {5D045A14-D08B-4717-BA3C-38CB41BF063B}
	EndGlobalSection
EndGlobal
